
Microsoft Visual Studio Solution File, Format Version 12.00
# Visual Studio Version 17
VisualStudioVersion = 17.0.31903.59
MinimumVisualStudioVersion = 10.0.40219.1
Project("{2150E333-8FDC-42A3-9474-1A3956D46DE8}") = "Backend", "Backend", "{5CBDD92A-8229-499A-B1E6-5BF4E5C80724}"
EndProject
Project("{FAE04EC0-301F-11D3-BF4B-00C04F79EFBC}") = "Backend", "Backend\Backend\Backend.csproj", "{C1063BD9-D118-4414-B2F4-0ACB4B349190}"
EndProject
Project("{FAE04EC0-301F-11D3-BF4B-00C04F79EFBC}") = "Backend.Tests", "Backend.Tests\Backend.Tests.csproj", "{2251451E-1122-4EBD-BCE7-3EA8A8D1F8A7}"
EndProject
Global
	GlobalSection(SolutionConfigurationPlatforms) = preSolution
		Debug|Any CPU = Debug|Any CPU
		Release|Any CPU = Release|Any CPU
	EndGlobalSection
	GlobalSection(SolutionProperties) = preSolution
		HideSolutionNode = FALSE
	EndGlobalSection
	GlobalSection(ProjectConfigurationPlatforms) = postSolution
		{C1063BD9-D118-4414-B2F4-0ACB4B349190}.Debug|Any CPU.ActiveCfg = Debug|Any CPU
		{C1063BD9-D118-4414-B2F4-0ACB4B349190}.Debug|Any CPU.Build.0 = Debug|Any CPU
		{C1063BD9-D118-4414-B2F4-0ACB4B349190}.Release|Any CPU.ActiveCfg = Release|Any CPU
		{C1063BD9-D118-4414-B2F4-0ACB4B349190}.Release|Any CPU.Build.0 = Release|Any CPU
		{2251451E-1122-4EBD-BCE7-3EA8A8D1F8A7}.Debug|Any CPU.ActiveCfg = Debug|Any CPU
		{2251451E-1122-4EBD-BCE7-3EA8A8D1F8A7}.Debug|Any CPU.Build.0 = Debug|Any CPU
		{2251451E-1122-4EBD-BCE7-3EA8A8D1F8A7}.Release|Any CPU.ActiveCfg = Release|Any CPU
		{2251451E-1122-4EBD-BCE7-3EA8A8D1F8A7}.Release|Any CPU.Build.0 = Release|Any CPU
	EndGlobalSection
	GlobalSection(NestedProjects) = preSolution
		{C1063BD9-D118-4414-B2F4-0ACB4B349190} = {5CBDD92A-8229-499A-B1E6-5BF4E5C80724}
	EndGlobalSection
EndGlobal
